# @generated by `make invariants-lock` — SPEC invariant ID pin. IDs are PERMANENT:
# new invariants APPEND; none is inserted, re-ordered, re-used or silently retitled.
# Regenerate ONLY on a deliberate append/retitle — the DIFF of this file is the review.
kernel/internal/connector/checks/SPEC.md	C-INV-1	The v1 schema is exact and strict.
kernel/internal/connector/checks/SPEC.md	C-INV-2	One witness mints one check event keyed by run id.
kernel/internal/connector/checks/SPEC.md	C-INV-3	Evidence identity binds to content.
kernel/internal/connector/checks/SPEC.md	C-INV-4	Re-ingestion is idempotent.
kernel/internal/connector/checks/SPEC.md	C-INV-5	Malformed evidence fails closed.
kernel/internal/connector/checks/SPEC.md	C-INV-6	Spool evidence is never deleted or rewritten by ingestion.
kernel/internal/connector/checks/SPEC.md	C-INV-7	Filename and body run ids agree.
kernel/internal/connector/checks/SPEC.md	C-INV-8	Every dependency is required at construction.
kernel/internal/connector/checks/SPEC.md	C-INV-9	The cursor is observational and deterministic.
kernel/internal/connector/checks/SPEC.md	C-INV-10	Emission records the real gate result.
kernel/internal/connector/checks/SPEC.md	C-INV-11	Output digest covers the full combined gate output.
kernel/internal/connector/checks/SPEC.md	C-INV-12	Witness emission does not depend on VERA.
kernel/internal/connector/checks/SPEC.md	C-INV-13	Emitted identity is self-consistent and sortable.
kernel/internal/connector/checks/SPEC.md	C-INV-14	Repository and tool observations are present.
kernel/internal/connector/checks/SPEC.md	C-INV-15	Gate output and repository identity share one root.
kernel/internal/connector/checks/SPEC.md	C-INV-16	Repository observation fails before the gate.
kernel/internal/connector/checks/SPEC.md	C-INV-17	The committed Make target does not require executable script mode.
kernel/internal/connector/checks/SPEC.md	C-INV-18	Runtime dependencies are valid before evidence listing.
kernel/internal/connector/checks/SPEC.md	C-INV-19	Emitted JSON escapes tool control characters.
kernel/internal/connector/checks/SPEC.md	C-INV-20	The gate process inherits the sanitized repository environment.
kernel/internal/connector/checks/SPEC.md	C-INV-21	Inadmissible evidence bytes fail before identity.
kernel/internal/connector/checks/SPEC.md	C-INV-22	Publication failure is never reported as a witnessed gate.
kernel/internal/connector/git/SPEC.md	INV-1	One event per commit, keyed by SHA.
kernel/internal/connector/git/SPEC.md	INV-2	A second Sync over unchanged history appends ZERO.
kernel/internal/connector/git/SPEC.md	INV-3	`Result` counts are exact and partition the listing.
kernel/internal/connector/git/SPEC.md	INV-4	Payload is the commit, canonically.
kernel/internal/connector/git/SPEC.md	INV-5	The same commit read twice yields the same `content_sha`.
kernel/internal/connector/git/SPEC.md	INV-6	After `commit --amend`, a Sync appends exactly one event
kernel/internal/connector/git/SPEC.md	INV-7	After a rebase of N commits, a Sync appends exactly N events
kernel/internal/connector/git/SPEC.md	INV-8	After a commit on a second branch and a switch, a Sync appends exactly one
kernel/internal/connector/git/SPEC.md	INV-9	The cursor is written and never read.
kernel/internal/connector/git/SPEC.md	INV-10	Listing order does not affect the outcome.
kernel/internal/connector/git/SPEC.md	INV-11	A failed append aborts the Sync and reports the cause.
kernel/internal/connector/git/SPEC.md	INV-12	A malformed commit is refused by core, not smuggled past it.
kernel/internal/connector/git/SPEC.md	INV-13	Pinned payload vector.
kernel/internal/connector/git/SPEC.md	INV-14	§ 2 IS the exported surface, mechanically.
kernel/internal/connector/git/SPEC.md	INV-15	No cursor read, no direct DB, no git binary in this package.
kernel/internal/connector/git/SPEC.md	INV-16	Decision ids are read from the commit BODY, sorted and de-duplicated.
kernel/internal/connector/git/SPEC.md	INV-17	An empty repository syncs to zero events and is not an error.
kernel/internal/connector/git/SPEC.md	INV-18	A commit dated BEFORE one already ingested is still ingested.
kernel/internal/connector/git/SPEC.md	INV-19	Stash and notes refs are not history; everything else reachable is.
kernel/internal/connector/git/SPEC.md	INV-20	A shallow repository is refused, not partially ingested.
kernel/internal/connector/git/SPEC.md	INV-21	No commit content can break the output framing.
kernel/internal/connector/git/SPEC.md	INV-22	A broken repository is an error, never an empty one.
kernel/internal/connector/git/SPEC.md	INV-23	The cursor is the repository's REAL tips.
kernel/internal/connector/git/SPEC.md	INV-24	Every scalar comes from its own git placeholder.
kernel/internal/connector/git/SPEC.md	INV-25	A c-quoted path is decoded.
kernel/internal/connector/git/SPEC.md	INV-26	`Version`'s VALUE is pinned.
kernel/internal/connector/git/SPEC.md	INV-27	Every dependency is required at construction.
kernel/internal/connector/git/gitcmd/SPEC.md	G-INV-1	No commit content can break the framing.
kernel/internal/connector/git/gitcmd/SPEC.md	G-INV-2	A misframed stream is a loud error.
kernel/internal/connector/git/gitcmd/SPEC.md	G-INV-3	Stash and notes refs are not history.
kernel/internal/connector/git/gitcmd/SPEC.md	G-INV-4	A commit on a non-checked-out branch, reachable only from a tag, or sitting on a DETACHED HEAD, IS history.
kernel/internal/connector/git/gitcmd/SPEC.md	G-INV-5	A shallow repository is refused, at construction AND at every listing.
kernel/internal/connector/git/gitcmd/SPEC.md	G-INV-6	A broken repository is an error, never an empty one.
kernel/internal/connector/git/gitcmd/SPEC.md	G-INV-7	An empty repository is not an error.
kernel/internal/connector/git/gitcmd/SPEC.md	G-INV-8	Every scalar comes from its own git placeholder.
kernel/internal/connector/git/gitcmd/SPEC.md	G-INV-9	A c-quoted path is decoded.
kernel/internal/connector/git/gitcmd/SPEC.md	G-INV-10	Decision ids are sorted and de-duplicated.
kernel/internal/connector/git/gitcmd/SPEC.md	G-INV-11	Ref tips are peeled, and cover EVERYTHING `Commits` ingests.
kernel/internal/connector/git/gitcmd/SPEC.md	G-INV-12	Path bytes are significant; nothing is trimmed.
kernel/internal/connector/git/gitcmd/SPEC.md	G-INV-13	A citation is never fabricated.
kernel/internal/connector/git/gitcmd/SPEC.md	G-INV-14	Object replacement never rewrites what is recorded.
kernel/internal/connector/git/gitcmd/SPEC.md	G-INV-15	Merge paths are the first-parent tree delta.
kernel/internal/connector/git/gitcmd/SPEC.md	G-INV-16	Rename reporting is configuration-independent.
kernel/internal/connector/git/gitcmd/SPEC.md	G-INV-17	Invalid UTF-8 scalar bytes are refused.
kernel/internal/connector/git/gitcmd/SPEC.md	G-INV-18	Ref validation follows annotated-tag referents.
kernel/internal/connector/git/gitcmd/SPEC.md	G-INV-19	The requested root selects the repository.
kernel/internal/connector/git/gitcmd/SPEC.md	G-INV-20	Gitlink deltas are configuration-independent.
kernel/internal/connector/git/gitcmd/SPEC.md	G-INV-21	Detached HEAD immediately names a commit object.
kernel/internal/core/SPEC.md	INV-1	Order and whitespace independence.
kernel/internal/core/SPEC.md	INV-2	Idempotence.
kernel/internal/core/SPEC.md	INV-3	Unicode fidelity.
kernel/internal/core/SPEC.md	INV-4	Number normalization.
kernel/internal/core/SPEC.md	INV-5	Unsafe integers are rejected, never truncated.
kernel/internal/core/SPEC.md	INV-6	Malformed input is rejected with no partial output.
kernel/internal/core/SPEC.md	INV-7	Structure preserved.
kernel/internal/core/SPEC.md	INV-8	Pinned vector (library-swap guard).
kernel/internal/core/SPEC.md	INV-9	ContentSHA shape.
kernel/internal/core/SPEC.md	INV-10	ContentSHA discriminates.
kernel/internal/core/SPEC.md	INV-11	EventID text round-trip.
kernel/internal/core/SPEC.md	INV-12	EventID parsing rejects malformed input.
kernel/internal/core/SPEC.md	INV-13	Generated ids are unique.
kernel/internal/core/SPEC.md	INV-14	Pinned id vector.
kernel/internal/core/SPEC.md	INV-15	Entropy must be injected.
kernel/internal/core/SPEC.md	INV-16	Closed registry.
kernel/internal/core/SPEC.md	INV-17	Stable strings, defensive copy.
kernel/internal/core/SPEC.md	INV-31	§ 2 IS the exported surface, mechanically.
kernel/internal/core/SPEC.md	INV-18	Hash computed once, from canonical bytes.
kernel/internal/core/SPEC.md	INV-19	Timestamps normalized.
kernel/internal/core/SPEC.md	INV-20	Required fields.
kernel/internal/core/SPEC.md	INV-21	Malformed values.
kernel/internal/core/SPEC.md	INV-22	All failures reported.
kernel/internal/core/SPEC.md	INV-23	Validate never re-derives content_sha.
kernel/internal/core/SPEC.md	INV-24	No seq on the wire.
kernel/internal/core/SPEC.md	INV-25	Key identity.
kernel/internal/core/SPEC.md	INV-26	Revision semantics.
kernel/internal/core/SPEC.md	INV-29	`NewEvent` returns `Validate`'s error and builds nothing.
kernel/internal/core/SPEC.md	INV-27	No ordering surface.
kernel/internal/core/SPEC.md	INV-28	No I/O, blessed imports only.
kernel/internal/store/SPEC.md	INV-1	First append inserts.
kernel/internal/store/SPEC.md	INV-2	Re-ingest is a no-op that returns the ORIGINAL row — the row for THAT content, not the newest one for the subject.
kernel/internal/store/SPEC.md	INV-3	Revision semantics.
kernel/internal/store/SPEC.md	INV-4	The conflict target is the idempotency index only.
kernel/internal/store/SPEC.md	INV-5	Validate before the round trip.
kernel/internal/store/SPEC.md	INV-6	`events_appended` is derived, not reported; it NEVER exceeds the rows the run inserted; and a finished run accepts nothing further.
kernel/internal/store/SPEC.md	INV-7	Payload bytes survive the ledger.
kernel/internal/store/SPEC.md	INV-8	Timestamps survive the ledger, and every `Record` is normalised to UTC.
kernel/internal/store/SPEC.md	INV-9	One kind per subject (core's delegated constraint, closed).
kernel/internal/store/SPEC.md	INV-10	`seq` is the sole replay order.
kernel/internal/store/SPEC.md	INV-11	Order is independent of identity and of wall-clock.
kernel/internal/store/SPEC.md	INV-12	Filter semantics, one row per field.
kernel/internal/store/SPEC.md	INV-13	Streaming, early exit, no leak.
kernel/internal/store/SPEC.md	INV-14	Exported surface is exactly the pinned set.
kernel/internal/store/SPEC.md	INV-15	No driver escapes.
kernel/internal/store/SPEC.md	INV-16	No mutating SQL against `events`, anywhere.
kernel/internal/store/SPEC.md	INV-17	Transaction discipline.
kernel/internal/store/SPEC.md	INV-18	The ledger is read-only to projections, enforced by Postgres.
kernel/internal/store/SPEC.md	INV-19	No projection DDL in the migration stream.
kernel/internal/store/SPEC.md	INV-20	Exclusivity.
kernel/internal/store/SPEC.md	INV-21	A second OS process exits non-zero and touches nothing.
kernel/internal/store/SPEC.md	INV-22	RETIRED (2026-08-09, round 3).
kernel/internal/store/SPEC.md	INV-23	`EPERM` means ALIVE.
kernel/internal/store/SPEC.md	INV-24	RETIRED (2026-08-09, round 3).
kernel/internal/store/SPEC.md	INV-25	Close releases, and releases ONLY what is ours.
kernel/internal/store/SPEC.md	INV-26	`DatabaseURL` mode takes no data-dir lock and starts no server.
kernel/internal/store/SPEC.md	INV-27	The wipe-trap guards are bidirectional and cover the lock.
kernel/internal/store/SPEC.md	INV-28	Orphan adoption and its limit.
kernel/internal/store/SPEC.md	INV-29	Two roots coexist.
kernel/internal/store/SPEC.md	INV-30	Migrations apply from empty.
kernel/internal/store/SPEC.md	INV-31	Re-open applies nothing and preserves everything.
kernel/internal/store/SPEC.md	INV-32	Migration failure is loud and leaves no Store; and a failed Open never strands the lock.
kernel/internal/store/SPEC.md	INV-33	A data directory written by another PostgreSQL major is refused.
kernel/internal/store/SPEC.md	INV-34	`Finish` reports success only after the journal row is written.
kernel/internal/store/SPEC.md	INV-35	The read seam is re-entrant, and paging is invisible.
kernel/internal/store/SPEC.md	INV-36	One appender at a time within a process.
kernel/internal/store/SPEC.md	INV-37	Losing the lock poisons the Store.
kernel/internal/store/SPEC.md	INV-38	RETIRED (2026-08-09, round 3).
kernel/internal/store/SPEC.md	INV-39	The lock is an exclusive, NON-BLOCKING flock on `LockPath`.
kernel/internal/store/SPEC.md	INV-40	The kernel releases the lock when the holder dies, however it dies.
kernel/internal/store/SPEC.md	INV-41	Identity is checked at the OPERATION choke point AND again inside the append critical section, so a lost lock is caught before the next operation and an in-flight one is bounded by a single write round trip.
kernel/internal/store/SPEC.md	INV-42	The lock is DERIVED from the data directory it protects, so two Stores cannot disagree about which lock guards a ledger.
kernel/internal/store/SPEC.md	INV-43	A Store that LOST its lock does not stop the server, because the server is no longer its to stop.
kernel/internal/store/SPEC.md	INV-44	Every comparison between two configured paths compares FILES, not spellings.
kernel/internal/store/SPEC.md	INV-45	The pre-initdb port guard rides out a transiently-bound port
kernel/internal/store/SPEC.md	INV-46	`samePath` resolves ancestors but NOT the leaf, so a LockPath verdict is TOTAL
kernel/internal/store/SPEC.md	INV-47	EWOULDBLOCK from `flock` does not imply a live foreign holder, and `acquireLock` re-probes before reporting one.
kernel/internal/store/SPEC.md	INV-48	A row is never counted twice, and never counted by a run that did not insert it.
kernel/internal/store/SPEC.md	INV-49	A lost lock is reported at ERROR level.
kernel/internal/store/SPEC.md	INV-50	Teardown does not run under the lifecycle mutex.
kernel/internal/store/SPEC.md	INV-51	A projection rollback does not depend on the caller's context.
