# @generated by `make laws-lock` — Build Law numbering pin. Numbers are PERMANENT:
# new laws APPEND, none is inserted, re-ordered or re-used. Regenerate only on an APPEND.
1	Derived state or dead state.
2	One home per datum.
3	Enforcement proves it fires.
4	Nothing advisory without an expiry.
5	Meta-tax is budgeted.
6	Spec before code.
7	Lessons compile to enforcement.
8	Small kernel, boring tech.
9	No actor grades its own work.
10	The resume note is live state.
